// !$*UTF8*$!
{
	archiveVersion = 1;
	classes = {
	};
	objectVersion = 46;
	objects = {

/* Begin PBXBuildFile section */
		B39AEDBF9C1D38292AD201DA /* Pods_Books.framework in Frameworks */ = {isa = PBXBuildFile; fileRef = 77C2D3730136FED50F1750BA /* Pods_Books.framework */; };
		BC2F67FC1DC446C900512314 /* SelectedMOdel.swift in Sources */ = {isa = PBXBuildFile; fileRef = BC2F67FB1DC446C900512314 /* SelectedMOdel.swift */; };
		BC2F68021DC46FDE00512314 /* SelectedView.swift in Sources */ = {isa = PBXBuildFile; fileRef = BC2F68011DC46FDE00512314 /* SelectedView.swift */; };
		BC2F68051DC4738600512314 /* SelectedCell.swift in Sources */ = {isa = PBXBuildFile; fileRef = BC2F68031DC4738600512314 /* SelectedCell.swift */; };
		BC2F68061DC4738600512314 /* SelectedCell.xib in Resources */ = {isa = PBXBuildFile; fileRef = BC2F68041DC4738600512314 /* SelectedCell.xib */; };
		BC2F68081DC497D200512314 /* SelectedHeaderView.swift in Sources */ = {isa = PBXBuildFile; fileRef = BC2F68071DC497D200512314 /* SelectedHeaderView.swift */; };
		BC2F7D631DCD790900D9A888 /* ClassViewCell.swift in Sources */ = {isa = PBXBuildFile; fileRef = BC2F7D621DCD790900D9A888 /* ClassViewCell.swift */; };
		BC31D2D01DC8B44D0031B1A6 /* MoreBookView.swift in Sources */ = {isa = PBXBuildFile; fileRef = BC31D2CF1DC8B44D0031B1A6 /* MoreBookView.swift */; };
		BC31D2D31DC8B5B60031B1A6 /* MoreBookCell.swift in Sources */ = {isa = PBXBuildFile; fileRef = BC31D2D11DC8B5B60031B1A6 /* MoreBookCell.swift */; };
		BC31D2D41DC8B5B60031B1A6 /* MoreBookCell.xib in Resources */ = {isa = PBXBuildFile; fileRef = BC31D2D21DC8B5B60031B1A6 /* MoreBookCell.xib */; };
		BC31D2D61DC8C8FA0031B1A6 /* UpDownRefresh.swift in Sources */ = {isa = PBXBuildFile; fileRef = BC31D2D51DC8C8FA0031B1A6 /* UpDownRefresh.swift */; };
		BC3956211DCCA768002FEE0E /* class.json in Resources */ = {isa = PBXBuildFile; fileRef = BC3956201DCCA768002FEE0E /* class.json */; };
		BC3956231DCCACD2002FEE0E /* classModel.swift in Sources */ = {isa = PBXBuildFile; fileRef = BC3956221DCCACD2002FEE0E /* classModel.swift */; };
		BC3956251DCCB985002FEE0E /* ClassView.swift in Sources */ = {isa = PBXBuildFile; fileRef = BC3956241DCCB985002FEE0E /* ClassView.swift */; };
		BC9CCE121DC9E8830043F613 /* MoreBookViewController.swift in Sources */ = {isa = PBXBuildFile; fileRef = BC9CCE111DC9E8830043F613 /* MoreBookViewController.swift */; };
		BC9CCE141DC9E8B60043F613 /* AllInformationViewCtrl.swift in Sources */ = {isa = PBXBuildFile; fileRef = BC9CCE131DC9E8B60043F613 /* AllInformationViewCtrl.swift */; };
		BC9CCE161DC9E9460043F613 /* AllInformationView.swift in Sources */ = {isa = PBXBuildFile; fileRef = BC9CCE151DC9E9460043F613 /* AllInformationView.swift */; };
		BC9CCE191DC9EC610043F613 /* AllInformationCell.swift in Sources */ = {isa = PBXBuildFile; fileRef = BC9CCE171DC9EC610043F613 /* AllInformationCell.swift */; };
		BCED49801DCB36BF00A6E02A /* UserViewController.swift in Sources */ = {isa = PBXBuildFile; fileRef = BCED497F1DCB36BF00A6E02A /* UserViewController.swift */; };
		BCED49821DCB376F00A6E02A /* UserSetView.swift in Sources */ = {isa = PBXBuildFile; fileRef = BCED49811DCB376F00A6E02A /* UserSetView.swift */; };
		BCED49871DCB565200A6E02A /* UserSetCell.swift in Sources */ = {isa = PBXBuildFile; fileRef = BCED49851DCB565200A6E02A /* UserSetCell.swift */; };
		BCED49881DCB565200A6E02A /* UserSetCell.xib in Resources */ = {isa = PBXBuildFile; fileRef = BCED49861DCB565200A6E02A /* UserSetCell.xib */; };
		BCEF5BED1DC33D8E00C84C66 /* AppDelegate.swift in Sources */ = {isa = PBXBuildFile; fileRef = BCEF5BEC1DC33D8E00C84C66 /* AppDelegate.swift */; };
		BCEF5BEF1DC33D8E00C84C66 /* ViewController.swift in Sources */ = {isa = PBXBuildFile; fileRef = BCEF5BEE1DC33D8E00C84C66 /* ViewController.swift */; };
		BCEF5BF21DC33D8E00C84C66 /* Main.storyboard in Resources */ = {isa = PBXBuildFile; fileRef = BCEF5BF01DC33D8E00C84C66 /* Main.storyboard */; };
		BCEF5BF51DC33D8E00C84C66 /* Books.xcdatamodeld in Sources */ = {isa = PBXBuildFile; fileRef = BCEF5BF31DC33D8E00C84C66 /* Books.xcdatamodeld */; };
		BCEF5BF71DC33D8E00C84C66 /* Assets.xcassets in Resources */ = {isa = PBXBuildFile; fileRef = BCEF5BF61DC33D8E00C84C66 /* Assets.xcassets */; };
		BCEF5BFA1DC33D8E00C84C66 /* LaunchScreen.storyboard in Resources */ = {isa = PBXBuildFile; fileRef = BCEF5BF81DC33D8E00C84C66 /* LaunchScreen.storyboard */; };
		BCEF5C2A1DC3440C00C84C66 /* BaseViewController.swift in Sources */ = {isa = PBXBuildFile; fileRef = BCEF5C211DC3440C00C84C66 /* BaseViewController.swift */; };
		BCEF5C2B1DC3440C00C84C66 /* KTCDownloader.swift in Sources */ = {isa = PBXBuildFile; fileRef = BCEF5C221DC3440C00C84C66 /* KTCDownloader.swift */; };
		BCEF5C2C1DC3440C00C84C66 /* UIButton+Common.swift in Sources */ = {isa = PBXBuildFile; fileRef = BCEF5C231DC3440C00C84C66 /* UIButton+Common.swift */; };
		BCEF5C2D1DC3440C00C84C66 /* UILabel+common.swift in Sources */ = {isa = PBXBuildFile; fileRef = BCEF5C241DC3440C00C84C66 /* UILabel+common.swift */; };
		BCEF5C2E1DC3440C00C84C66 /* UIView+Common.swift in Sources */ = {isa = PBXBuildFile; fileRef = BCEF5C251DC3440C00C84C66 /* UIView+Common.swift */; };
		BCEF5C3B1DC3477D00C84C66 /* tab_feature@2x.png in Resources */ = {isa = PBXBuildFile; fileRef = BCEF5C331DC3477D00C84C66 /* tab_feature@2x.png */; };
		BCEF5C3C1DC3477D00C84C66 /* tab_feature@3x.png in Resources */ = {isa = PBXBuildFile; fileRef = BCEF5C341DC3477D00C84C66 /* tab_feature@3x.png */; };
		BCEF5C3D1DC3477D00C84C66 /* tab_mall@2x.png in Resources */ = {isa = PBXBuildFile; fileRef = BCEF5C351DC3477D00C84C66 /* tab_mall@2x.png */; };
		BCEF5C3E1DC3477D00C84C66 /* tab_mall@3x.png in Resources */ = {isa = PBXBuildFile; fileRef = BCEF5C361DC3477D00C84C66 /* tab_mall@3x.png */; };
		BCEF5C3F1DC3477D00C84C66 /* tab_member@2x.png in Resources */ = {isa = PBXBuildFile; fileRef = BCEF5C371DC3477D00C84C66 /* tab_member@2x.png */; };
		BCEF5C401DC3477D00C84C66 /* tab_member@3x.png in Resources */ = {isa = PBXBuildFile; fileRef = BCEF5C381DC3477D00C84C66 /* tab_member@3x.png */; };
		BCEF5C411DC3477D00C84C66 /* tab_shelf@2x.png in Resources */ = {isa = PBXBuildFile; fileRef = BCEF5C391DC3477D00C84C66 /* tab_shelf@2x.png */; };
		BCEF5C421DC3477D00C84C66 /* tab_shelf@3x.png in Resources */ = {isa = PBXBuildFile; fileRef = BCEF5C3A1DC3477D00C84C66 /* tab_shelf@3x.png */; };
		BCEF5C441DC347EC00C84C66 /* Found@2x.png in Resources */ = {isa = PBXBuildFile; fileRef = BCEF5C431DC347EC00C84C66 /* Found@2x.png */; };
		BCEF5C461DC347F400C84C66 /* Found@3x.png in Resources */ = {isa = PBXBuildFile; fileRef = BCEF5C451DC347F400C84C66 /* Found@3x.png */; };
		BCEF5C551DC348B400C84C66 /* theme_day1_bg@2x.png in Resources */ = {isa = PBXBuildFile; fileRef = BCEF5C501DC348B400C84C66 /* theme_day1_bg@2x.png */; };
		BCEF5C561DC348B400C84C66 /* theme_day2_bg@2x.png in Resources */ = {isa = PBXBuildFile; fileRef = BCEF5C511DC348B400C84C66 /* theme_day2_bg@2x.png */; };
		BCEF5C571DC348B400C84C66 /* theme_day3_bg@2x.png in Resources */ = {isa = PBXBuildFile; fileRef = BCEF5C521DC348B400C84C66 /* theme_day3_bg@2x.png */; };
		BCEF5C581DC348B400C84C66 /* theme_night_bg@2x.png in Resources */ = {isa = PBXBuildFile; fileRef = BCEF5C531DC348B400C84C66 /* theme_night_bg@2x.png */; };
		BCEF5C591DC348B400C84C66 /* theme_other_bg@2x.png in Resources */ = {isa = PBXBuildFile; fileRef = BCEF5C541DC348B400C84C66 /* theme_other_bg@2x.png */; };
		BCEF5C5E1DC3494000C84C66 /* icon_search_gray@2x.png in Resources */ = {isa = PBXBuildFile; fileRef = BCEF5C5A1DC3494000C84C66 /* icon_search_gray@2x.png */; };
		BCEF5C5F1DC3494000C84C66 /* icon_search_gray@3x.png in Resources */ = {isa = PBXBuildFile; fileRef = BCEF5C5B1DC3494000C84C66 /* icon_search_gray@3x.png */; };
		BCEF5C601DC3494000C84C66 /* icon_search_white@2x.png in Resources */ = {isa = PBXBuildFile; fileRef = BCEF5C5C1DC3494000C84C66 /* icon_search_white@2x.png */; };
		BCEF5C611DC3494000C84C66 /* icon_search_white@3x.png in Resources */ = {isa = PBXBuildFile; fileRef = BCEF5C5D1DC3494000C84C66 /* icon_search_white@3x.png */; };
		BCEF5C651DC34A5500C84C66 /* ClassifyController.swift in Sources */ = {isa = PBXBuildFile; fileRef = BCEF5C641DC34A5500C84C66 /* ClassifyController.swift */; };
		BCEF5C671DC34A6900C84C66 /* FoundController.swift in Sources */ = {isa = PBXBuildFile; fileRef = BCEF5C661DC34A6900C84C66 /* FoundController.swift */; };
		BCEF5C691DC34A7B00C84C66 /* RankingController.swift in Sources */ = {isa = PBXBuildFile; fileRef = BCEF5C681DC34A7B00C84C66 /* RankingController.swift */; };
		BCEF5C6B1DC34AD200C84C66 /* Const.swift in Sources */ = {isa = PBXBuildFile; fileRef = BCEF5C6A1DC34AD200C84C66 /* Const.swift */; };
		BCEF5C6D1DC35A7800C84C66 /* nav.png in Resources */ = {isa = PBXBuildFile; fileRef = BCEF5C6C1DC35A7800C84C66 /* nav.png */; };
		BCEF5C6F1DC35EB300C84C66 /* UIViewController+Common.swift in Sources */ = {isa = PBXBuildFile; fileRef = BCEF5C6E1DC35EB300C84C66 /* UIViewController+Common.swift */; };
		BCEF5C721DC3676C00C84C66 /* icon_nav_back@2x.png in Resources */ = {isa = PBXBuildFile; fileRef = BCEF5C701DC3676C00C84C66 /* icon_nav_back@2x.png */; };
		BCEF5C731DC3676C00C84C66 /* icon_nav_back@3x.png in Resources */ = {isa = PBXBuildFile; fileRef = BCEF5C711DC3676C00C84C66 /* icon_nav_back@3x.png */; };
		BCEF5C761DC367F400C84C66 /* icon_detail_gray@2x.png in Resources */ = {isa = PBXBuildFile; fileRef = BCEF5C741DC367F400C84C66 /* icon_detail_gray@2x.png */; };
		BCEF5C771DC367F400C84C66 /* icon_detail_gray@3x.png in Resources */ = {isa = PBXBuildFile; fileRef = BCEF5C751DC367F400C84C66 /* icon_detail_gray@3x.png */; };
		BCEF5C7B1DC36B2600C84C66 /* left.png in Resources */ = {isa = PBXBuildFile; fileRef = BCEF5C7A1DC36B2600C84C66 /* left.png */; };
		BCEF5C7D1DC36BDC00C84C66 /* MainTabBarViewController.swift in Sources */ = {isa = PBXBuildFile; fileRef = BCEF5C7C1DC36BDC00C84C66 /* MainTabBarViewController.swift */; };
		BCEF5C821DC38AF200C84C66 /* SelectedController.swift in Sources */ = {isa = PBXBuildFile; fileRef = BCEF5C811DC38AF200C84C66 /* SelectedController.swift */; };
/* End PBXBuildFile section */

/* Begin PBXFileReference section */
		195B4FF17E8A5D9122F1D82D /* Pods-Books.debug.xcconfig */ = {isa = PBXFileReference; includeInIndex = 1; lastKnownFileType = text.xcconfig; name = "Pods-Books.debug.xcconfig"; path = "Pods/Target Support Files/Pods-Books/Pods-Books.debug.xcconfig"; sourceTree = "<group>"; };
		77C2D3730136FED50F1750BA /* Pods_Books.framework */ = {isa = PBXFileReference; explicitFileType = wrapper.framework; includeInIndex = 0; path = Pods_Books.framework; sourceTree = BUILT_PRODUCTS_DIR; };
		BC2F67FB1DC446C900512314 /* SelectedMOdel.swift */ = {isa = PBXFileReference; fileEncoding = 4; lastKnownFileType = sourcecode.swift; path = SelectedMOdel.swift; sourceTree = "<group>"; };
		BC2F68011DC46FDE00512314 /* SelectedView.swift */ = {isa = PBXFileReference; fileEncoding = 4; lastKnownFileType = sourcecode.swift; path = SelectedView.swift; sourceTree = "<group>"; };
		BC2F68031DC4738600512314 /* SelectedCell.swift */ = {isa = PBXFileReference; fileEncoding = 4; lastKnownFileType = sourcecode.swift; path = SelectedCell.swift; sourceTree = "<group>"; };
		BC2F68041DC4738600512314 /* SelectedCell.xib */ = {isa = PBXFileReference; fileEncoding = 4; lastKnownFileType = file.xib; path = SelectedCell.xib; sourceTree = "<group>"; };
		BC2F68071DC497D200512314 /* SelectedHeaderView.swift */ = {isa = PBXFileReference; fileEncoding = 4; lastKnownFileType = sourcecode.swift; path = SelectedHeaderView.swift; sourceTree = "<group>"; };
		BC2F7D621DCD790900D9A888 /* ClassViewCell.swift */ = {isa = PBXFileReference; fileEncoding = 4; lastKnownFileType = sourcecode.swift; path = ClassViewCell.swift; sourceTree = "<group>"; };
		BC31D2CF1DC8B44D0031B1A6 /* MoreBookView.swift */ = {isa = PBXFileReference; fileEncoding = 4; lastKnownFileType = sourcecode.swift; path = MoreBookView.swift; sourceTree = "<group>"; };
		BC31D2D11DC8B5B60031B1A6 /* MoreBookCell.swift */ = {isa = PBXFileReference; fileEncoding = 4; lastKnownFileType = sourcecode.swift; path = MoreBookCell.swift; sourceTree = "<group>"; };
		BC31D2D21DC8B5B60031B1A6 /* MoreBookCell.xib */ = {isa = PBXFileReference; fileEncoding = 4; lastKnownFileType = file.xib; path = MoreBookCell.xib; sourceTree = "<group>"; };
		BC31D2D51DC8C8FA0031B1A6 /* UpDownRefresh.swift */ = {isa = PBXFileReference; fileEncoding = 4; lastKnownFileType = sourcecode.swift; path = UpDownRefresh.swift; sourceTree = "<group>"; };
		BC3956201DCCA768002FEE0E /* class.json */ = {isa = PBXFileReference; fileEncoding = 4; lastKnownFileType = text.json; path = class.json; sourceTree = "<group>"; };
		BC3956221DCCACD2002FEE0E /* classModel.swift */ = {isa = PBXFileReference; fileEncoding = 4; lastKnownFileType = sourcecode.swift; path = classModel.swift; sourceTree = "<group>"; };
		BC3956241DCCB985002FEE0E /* ClassView.swift */ = {isa = PBXFileReference; fileEncoding = 4; lastKnownFileType = sourcecode.swift; path = ClassView.swift; sourceTree = "<group>"; };
		BC9CCE111DC9E8830043F613 /* MoreBookViewController.swift */ = {isa = PBXFileReference; fileEncoding = 4; lastKnownFileType = sourcecode.swift; path = MoreBookViewController.swift; sourceTree = "<group>"; };
		BC9CCE131DC9E8B60043F613 /* AllInformationViewCtrl.swift */ = {isa = PBXFileReference; fileEncoding = 4; lastKnownFileType = sourcecode.swift; path = AllInformationViewCtrl.swift; sourceTree = "<group>"; };
		BC9CCE151DC9E9460043F613 /* AllInformationView.swift */ = {isa = PBXFileReference; fileEncoding = 4; lastKnownFileType = sourcecode.swift; path = AllInformationView.swift; sourceTree = "<group>"; };
		BC9CCE171DC9EC610043F613 /* AllInformationCell.swift */ = {isa = PBXFileReference; fileEncoding = 4; lastKnownFileType = sourcecode.swift; path = AllInformationCell.swift; sourceTree = "<group>"; };
		BCED497F1DCB36BF00A6E02A /* UserViewController.swift */ = {isa = PBXFileReference; fileEncoding = 4; lastKnownFileType = sourcecode.swift; path = UserViewController.swift; sourceTree = "<group>"; };
		BCED49811DCB376F00A6E02A /* UserSetView.swift */ = {isa = PBXFileReference; fileEncoding = 4; lastKnownFileType = sourcecode.swift; path = UserSetView.swift; sourceTree = "<group>"; };
		BCED49851DCB565200A6E02A /* UserSetCell.swift */ = {isa = PBXFileReference; fileEncoding = 4; lastKnownFileType = sourcecode.swift; path = UserSetCell.swift; sourceTree = "<group>"; };
		BCED49861DCB565200A6E02A /* UserSetCell.xib */ = {isa = PBXFileReference; fileEncoding = 4; lastKnownFileType = file.xib; path = UserSetCell.xib; sourceTree = "<group>"; };
		BCEF5BE91DC33D8E00C84C66 /* Books.app */ = {isa = PBXFileReference; explicitFileType = wrapper.application; includeInIndex = 0; path = Books.app; sourceTree = BUILT_PRODUCTS_DIR; };
		BCEF5BEC1DC33D8E00C84C66 /* AppDelegate.swift */ = {isa = PBXFileReference; lastKnownFileType = sourcecode.swift; name = AppDelegate.swift; path = ../../AppDelegate.swift; sourceTree = "<group>"; };
		BCEF5BEE1DC33D8E00C84C66 /* ViewController.swift */ = {isa = PBXFileReference; lastKnownFileType = sourcecode.swift; path = ViewController.swift; sourceTree = "<group>"; };
		BCEF5BF11DC33D8E00C84C66 /* Base */ = {isa = PBXFileReference; lastKnownFileType = file.storyboard; name = Base; path = Base.lproj/Main.storyboard; sourceTree = "<group>"; };
		BCEF5BF41DC33D8E00C84C66 /* Books.xcdatamodel */ = {isa = PBXFileReference; lastKnownFileType = wrapper.xcdatamodel; path = Books.xcdatamodel; sourceTree = "<group>"; };
		BCEF5BF61DC33D8E00C84C66 /* Assets.xcassets */ = {isa = PBXFileReference; lastKnownFileType = folder.assetcatalog; path = Assets.xcassets; sourceTree = "<group>"; };
		BCEF5BF91DC33D8E00C84C66 /* Base */ = {isa = PBXFileReference; lastKnownFileType = file.storyboard; name = Base; path = Base.lproj/LaunchScreen.storyboard; sourceTree = "<group>"; };
		BCEF5BFB1DC33D8E00C84C66 /* Info.plist */ = {isa = PBXFileReference; lastKnownFileType = text.plist.xml; path = Info.plist; sourceTree = "<group>"; };
		BCEF5C211DC3440C00C84C66 /* BaseViewController.swift */ = {isa = PBXFileReference; fileEncoding = 4; lastKnownFileType = sourcecode.swift; path = BaseViewController.swift; sourceTree = "<group>"; };
		BCEF5C221DC3440C00C84C66 /* KTCDownloader.swift */ = {isa = PBXFileReference; fileEncoding = 4; lastKnownFileType = sourcecode.swift; path = KTCDownloader.swift; sourceTree = "<group>"; };
		BCEF5C231DC3440C00C84C66 /* UIButton+Common.swift */ = {isa = PBXFileReference; fileEncoding = 4; lastKnownFileType = sourcecode.swift; path = "UIButton+Common.swift"; sourceTree = "<group>"; };
		BCEF5C241DC3440C00C84C66 /* UILabel+common.swift */ = {isa = PBXFileReference; fileEncoding = 4; lastKnownFileType = sourcecode.swift; path = "UILabel+common.swift"; sourceTree = "<group>"; };
		BCEF5C251DC3440C00C84C66 /* UIView+Common.swift */ = {isa = PBXFileReference; fileEncoding = 4; lastKnownFileType = sourcecode.swift; path = "UIView+Common.swift"; sourceTree = "<group>"; };
		BCEF5C331DC3477D00C84C66 /* tab_feature@2x.png */ = {isa = PBXFileReference; lastKnownFileType = image.png; path = "tab_feature@2x.png"; sourceTree = "<group>"; };
		BCEF5C341DC3477D00C84C66 /* tab_feature@3x.png */ = {isa = PBXFileReference; lastKnownFileType = image.png; path = "tab_feature@3x.png"; sourceTree = "<group>"; };
		BCEF5C351DC3477D00C84C66 /* tab_mall@2x.png */ = {isa = PBXFileReference; lastKnownFileType = image.png; path = "tab_mall@2x.png"; sourceTree = "<group>"; };
		BCEF5C361DC3477D00C84C66 /* tab_mall@3x.png */ = {isa = PBXFileReference; lastKnownFileType = image.png; path = "tab_mall@3x.png"; sourceTree = "<group>"; };
		BCEF5C371DC3477D00C84C66 /* tab_member@2x.png */ = {isa = PBXFileReference; lastKnownFileType = image.png; path = "tab_member@2x.png"; sourceTree = "<group>"; };
		BCEF5C381DC3477D00C84C66 /* tab_member@3x.png */ = {isa = PBXFileReference; lastKnownFileType = image.png; path = "tab_member@3x.png"; sourceTree = "<group>"; };
		BCEF5C391DC3477D00C84C66 /* tab_shelf@2x.png */ = {isa = PBXFileReference; lastKnownFileType = image.png; path = "tab_shelf@2x.png"; sourceTree = "<group>"; };
		BCEF5C3A1DC3477D00C84C66 /* tab_shelf@3x.png */ = {isa = PBXFileReference; lastKnownFileType = image.png; path = "tab_shelf@3x.png"; sourceTree = "<group>"; };
		BCEF5C431DC347EC00C84C66 /* Found@2x.png */ = {isa = PBXFileReference; lastKnownFileType = image.png; path = "Found@2x.png"; sourceTree = "<group>"; };
		BCEF5C451DC347F400C84C66 /* Found@3x.png */ = {isa = PBXFileReference; lastKnownFileType = image.png; path = "Found@3x.png"; sourceTree = "<group>"; };
		BCEF5C501DC348B400C84C66 /* theme_day1_bg@2x.png */ = {isa = PBXFileReference; lastKnownFileType = image.png; path = "theme_day1_bg@2x.png"; sourceTree = "<group>"; };
		BCEF5C511DC348B400C84C66 /* theme_day2_bg@2x.png */ = {isa = PBXFileReference; lastKnownFileType = image.png; path = "theme_day2_bg@2x.png"; sourceTree = "<group>"; };
		BCEF5C521DC348B400C84C66 /* theme_day3_bg@2x.png */ = {isa = PBXFileReference; lastKnownFileType = image.png; path = "theme_day3_bg@2x.png"; sourceTree = "<group>"; };
		BCEF5C531DC348B400C84C66 /* theme_night_bg@2x.png */ = {isa = PBXFileReference; lastKnownFileType = image.png; path = "theme_night_bg@2x.png"; sourceTree = "<group>"; };
		BCEF5C541DC348B400C84C66 /* theme_other_bg@2x.png */ = {isa = PBXFileReference; lastKnownFileType = image.png; path = "theme_other_bg@2x.png"; sourceTree = "<group>"; };
		BCEF5C5A1DC3494000C84C66 /* icon_search_gray@2x.png */ = {isa = PBXFileReference; lastKnownFileType = image.png; path = "icon_search_gray@2x.png"; sourceTree = "<group>"; };
		BCEF5C5B1DC3494000C84C66 /* icon_search_gray@3x.png */ = {isa = PBXFileReference; lastKnownFileType = image.png; path = "icon_search_gray@3x.png"; sourceTree = "<group>"; };
		BCEF5C5C1DC3494000C84C66 /* icon_search_white@2x.png */ = {isa = PBXFileReference; lastKnownFileType = image.png; path = "icon_search_white@2x.png"; sourceTree = "<group>"; };
		BCEF5C5D1DC3494000C84C66 /* icon_search_white@3x.png */ = {isa = PBXFileReference; lastKnownFileType = image.png; path = "icon_search_white@3x.png"; sourceTree = "<group>"; };
		BCEF5C641DC34A5500C84C66 /* ClassifyController.swift */ = {isa = PBXFileReference; fileEncoding = 4; lastKnownFileType = sourcecode.swift; path = ClassifyController.swift; sourceTree = "<group>"; };
		BCEF5C661DC34A6900C84C66 /* FoundController.swift */ = {isa = PBXFileReference; fileEncoding = 4; lastKnownFileType = sourcecode.swift; path = FoundController.swift; sourceTree = "<group>"; };
		BCEF5C681DC34A7B00C84C66 /* RankingController.swift */ = {isa = PBXFileReference; fileEncoding = 4; lastKnownFileType = sourcecode.swift; path = RankingController.swift; sourceTree = "<group>"; };
		BCEF5C6A1DC34AD200C84C66 /* Const.swift */ = {isa = PBXFileReference; fileEncoding = 4; lastKnownFileType = sourcecode.swift; path = Const.swift; sourceTree = "<group>"; };
		BCEF5C6C1DC35A7800C84C66 /* nav.png */ = {isa = PBXFileReference; lastKnownFileType = image.png; path = nav.png; sourceTree = "<group>"; };
		BCEF5C6E1DC35EB300C84C66 /* UIViewController+Common.swift */ = {isa = PBXFileReference; fileEncoding = 4; lastKnownFileType = sourcecode.swift; path = "UIViewController+Common.swift"; sourceTree = "<group>"; };
		BCEF5C701DC3676C00C84C66 /* icon_nav_back@2x.png */ = {isa = PBXFileReference; lastKnownFileType = image.png; path = "icon_nav_back@2x.png"; sourceTree = "<group>"; };
		BCEF5C711DC3676C00C84C66 /* icon_nav_back@3x.png */ = {isa = PBXFileReference; lastKnownFileType = image.png; path = "icon_nav_back@3x.png"; sourceTree = "<group>"; };
		BCEF5C741DC367F400C84C66 /* icon_detail_gray@2x.png */ = {isa = PBXFileReference; lastKnownFileType = image.png; path = "icon_detail_gray@2x.png"; sourceTree = "<group>"; };
		BCEF5C751DC367F400C84C66 /* icon_detail_gray@3x.png */ = {isa = PBXFileReference; lastKnownFileType = image.png; path = "icon_detail_gray@3x.png"; sourceTree = "<group>"; };
		BCEF5C7A1DC36B2600C84C66 /* left.png */ = {isa = PBXFileReference; lastKnownFileType = image.png; path = left.png; sourceTree = "<group>"; };
		BCEF5C7C1DC36BDC00C84C66 /* MainTabBarViewController.swift */ = {isa = PBXFileReference; fileEncoding = 4; lastKnownFileType = sourcecode.swift; path = MainTabBarViewController.swift; sourceTree = "<group>"; };
		BCEF5C811DC38AF200C84C66 /* SelectedController.swift */ = {isa = PBXFileReference; fileEncoding = 4; lastKnownFileType = sourcecode.swift; path = SelectedController.swift; sourceTree = "<group>"; };
		C1B7144723D7CB9F2D6B14F1 /* Pods-Books.release.xcconfig */ = {isa = PBXFileReference; includeInIndex = 1; lastKnownFileType = text.xcconfig; name = "Pods-Books.release.xcconfig"; path = "Pods/Target Support Files/Pods-Books/Pods-Books.release.xcconfig"; sourceTree = "<group>"; };
/* End PBXFileReference section */

/* Begin PBXFrameworksBuildPhase section */
		BCEF5BE61DC33D8E00C84C66 /* Frameworks */ = {
			isa = PBXFrameworksBuildPhase;
			buildActionMask = 2147483647;
			files = (
				B39AEDBF9C1D38292AD201DA /* Pods_Books.framework in Frameworks */,
			);
			runOnlyForDeploymentPostprocessing = 0;
		};
/* End PBXFrameworksBuildPhase section */

/* Begin PBXGroup section */
		BC31D2CB1DC8B41B0031B1A6 /* detailsCommon(详情) */ = {
			isa = PBXGroup;
			children = (
				BC31D2CC1DC8B41B0031B1A6 /* controller */,
				BC31D2CD1DC8B41B0031B1A6 /* model */,
				BC31D2CE1DC8B41B0031B1A6 /* view */,
			);
			path = "detailsCommon(详情)";
			sourceTree = "<group>";
		};
		BC31D2CC1DC8B41B0031B1A6 /* controller */ = {
			isa = PBXGroup;
			children = (
				BC9CCE111DC9E8830043F613 /* MoreBookViewController.swift */,
				BC9CCE131DC9E8B60043F613 /* AllInformationViewCtrl.swift */,
			);
			path = controller;
			sourceTree = "<group>";
		};
		BC31D2CD1DC8B41B0031B1A6 /* model */ = {
			isa = PBXGroup;
			children = (
			);
			path = model;
			sourceTree = "<group>";
		};
		BC31D2CE1DC8B41B0031B1A6 /* view */ = {
			isa = PBXGroup;
			children = (
				BC31D2CF1DC8B44D0031B1A6 /* MoreBookView.swift */,
				BC31D2D11DC8B5B60031B1A6 /* MoreBookCell.swift */,
				BC31D2D21DC8B5B60031B1A6 /* MoreBookCell.xib */,
				BC9CCE151DC9E9460043F613 /* AllInformationView.swift */,
				BC9CCE171DC9EC610043F613 /* AllInformationCell.swift */,
			);
			path = view;
			sourceTree = "<group>";
		};
		BCED497E1DCB369200A6E02A /* user */ = {
			isa = PBXGroup;
			children = (
				BCEF5BEC1DC33D8E00C84C66 /* AppDelegate.swift */,
				BCED497F1DCB36BF00A6E02A /* UserViewController.swift */,
				BCED49811DCB376F00A6E02A /* UserSetView.swift */,
				BCED49851DCB565200A6E02A /* UserSetCell.swift */,
				BCED49861DCB565200A6E02A /* UserSetCell.xib */,
			);
			path = user;
			sourceTree = "<group>";
		};
		BCEF5BE01DC33D8E00C84C66 = {
			isa = PBXGroup;
			children = (
				BCEF5BEB1DC33D8E00C84C66 /* Books */,
				BCEF5BEA1DC33D8E00C84C66 /* Products */,
				D1BD39D6466067CB7B6F1D30 /* Pods */,
				E09AF77FD42A21631CBC1D33 /* Frameworks */,
			);
			sourceTree = "<group>";
		};
		BCEF5BEA1DC33D8E00C84C66 /* Products */ = {
			isa = PBXGroup;
			children = (
				BCEF5BE91DC33D8E00C84C66 /* Books.app */,
			);
			name = Products;
			sourceTree = "<group>";
		};
		BCEF5BEB1DC33D8E00C84C66 /* Books */ = {
			isa = PBXGroup;
			children = (
				BCEF5C031DC3410000C84C66 /* Class */,
				BCEF5BEE1DC33D8E00C84C66 /* ViewController.swift */,
				BCEF5BF01DC33D8E00C84C66 /* Main.storyboard */,
				BCEF5BF61DC33D8E00C84C66 /* Assets.xcassets */,
				BCEF5BF81DC33D8E00C84C66 /* LaunchScreen.storyboard */,
				BCEF5BFB1DC33D8E00C84C66 /* Info.plist */,
				BCEF5BF31DC33D8E00C84C66 /* Books.xcdatamodeld */,
			);
			path = Books;
			sourceTree = "<group>";
		};
		BCEF5C031DC3410000C84C66 /* Class */ = {
			isa = PBXGroup;
			children = (
				BCED497E1DCB369200A6E02A /* user */,
				BC31D2CB1DC8B41B0031B1A6 /* detailsCommon(详情) */,
				BCEF5C7E1DC37BF000C84C66 /* protocol(协议) */,
				BCEF5C091DC3410000C84C66 /* common(公共类) */,
				BCEF5C1C1DC3410000C84C66 /* selected(精选) */,
				BCEF5C041DC3410000C84C66 /*  classify(分类) */,
				BCEF5C0E1DC3410000C84C66 /* found(发现) */,
				BCEF5C131DC3410000C84C66 /* ranking(排行) */,
				BCEF5C181DC3410000C84C66 /* resources(资源) */,
			);
			path = Class;
			sourceTree = "<group>";
		};
		BCEF5C041DC3410000C84C66 /*  classify(分类) */ = {
			isa = PBXGroup;
			children = (
				BCEF5C051DC3410000C84C66 /* main(主要模块) */,
			);
			path = " classify(分类)";
			sourceTree = "<group>";
		};
		BCEF5C051DC3410000C84C66 /* main(主要模块) */ = {
			isa = PBXGroup;
			children = (
				BC3956201DCCA768002FEE0E /* class.json */,
				BCEF5C061DC3410000C84C66 /* controller */,
				BCEF5C071DC3410000C84C66 /* model */,
				BCEF5C081DC3410000C84C66 /* view */,
			);
			path = "main(主要模块)";
			sourceTree = "<group>";
		};
		BCEF5C061DC3410000C84C66 /* controller */ = {
			isa = PBXGroup;
			children = (
				BCEF5C641DC34A5500C84C66 /* ClassifyController.swift */,
			);
			path = controller;
			sourceTree = "<group>";
		};
		BCEF5C071DC3410000C84C66 /* model */ = {
			isa = PBXGroup;
			children = (
				BC3956221DCCACD2002FEE0E /* classModel.swift */,
			);
			path = model;
			sourceTree = "<group>";
		};
		BCEF5C081DC3410000C84C66 /* view */ = {
			isa = PBXGroup;
			children = (
				BC3956241DCCB985002FEE0E /* ClassView.swift */,
				BC2F7D621DCD790900D9A888 /* ClassViewCell.swift */,
			);
			path = view;
			sourceTree = "<group>";
		};
		BCEF5C091DC3410000C84C66 /* common(公共类) */ = {
			isa = PBXGroup;
			children = (
				BCEF5C211DC3440C00C84C66 /* BaseViewController.swift */,
				BCEF5C6E1DC35EB300C84C66 /* UIViewController+Common.swift */,
				BCEF5C221DC3440C00C84C66 /* KTCDownloader.swift */,
				BCEF5C231DC3440C00C84C66 /* UIButton+Common.swift */,
				BCEF5C241DC3440C00C84C66 /* UILabel+common.swift */,
				BCEF5C251DC3440C00C84C66 /* UIView+Common.swift */,
				BCEF5C6A1DC34AD200C84C66 /* Const.swift */,
				BCEF5C7C1DC36BDC00C84C66 /* MainTabBarViewController.swift */,
			);
			path = "common(公共类)";
			sourceTree = "<group>";
		};
		BCEF5C0E1DC3410000C84C66 /* found(发现) */ = {
			isa = PBXGroup;
			children = (
				BCEF5C0F1DC3410000C84C66 /* main(主要模块) */,
			);
			path = "found(发现)";
			sourceTree = "<group>";
		};
		BCEF5C0F1DC3410000C84C66 /* main(主要模块) */ = {
			isa = PBXGroup;
			children = (
				BCEF5C101DC3410000C84C66 /* controller */,
				BCEF5C111DC3410000C84C66 /* model */,
				BCEF5C121DC3410000C84C66 /* view */,
			);
			path = "main(主要模块)";
			sourceTree = "<group>";
		};
		BCEF5C101DC3410000C84C66 /* controller */ = {
			isa = PBXGroup;
			children = (
				BCEF5C661DC34A6900C84C66 /* FoundController.swift */,
			);
			path = controller;
			sourceTree = "<group>";
		};
		BCEF5C111DC3410000C84C66 /* model */ = {
			isa = PBXGroup;
			children = (
			);
			path = model;
			sourceTree = "<group>";
		};
		BCEF5C121DC3410000C84C66 /* view */ = {
			isa = PBXGroup;
			children = (
			);
			path = view;
			sourceTree = "<group>";
		};
		BCEF5C131DC3410000C84C66 /* ranking(排行) */ = {
			isa = PBXGroup;
			children = (
				BCEF5C141DC3410000C84C66 /* main(主要模块) */,
			);
			path = "ranking(排行)";
			sourceTree = "<group>";
		};
		BCEF5C141DC3410000C84C66 /* main(主要模块) */ = {
			isa = PBXGroup;
			children = (
				BCEF5C151DC3410000C84C66 /* controller */,
				BCEF5C161DC3410000C84C66 /* model */,
				BCEF5C171DC3410000C84C66 /* view */,
			);
			path = "main(主要模块)";
			sourceTree = "<group>";
		};
		BCEF5C151DC3410000C84C66 /* controller */ = {
			isa = PBXGroup;
			children = (
				BCEF5C681DC34A7B00C84C66 /* RankingController.swift */,
			);
			path = controller;
			sourceTree = "<group>";
		};
		BCEF5C161DC3410000C84C66 /* model */ = {
			isa = PBXGroup;
			children = (
			);
			path = model;
			sourceTree = "<group>";
		};
		BCEF5C171DC3410000C84C66 /* view */ = {
			isa = PBXGroup;
			children = (
			);
			path = view;
			sourceTree = "<group>";
		};
		BCEF5C181DC3410000C84C66 /* resources(资源) */ = {
			isa = PBXGroup;
			children = (
				BCEF5C471DC3483C00C84C66 /* 书页背景图片 */,
				BCEF5C191DC3410000C84C66 /* 其他 */,
				BCEF5C1A1DC3410000C84C66 /* 图标和启动图片 */,
				BCEF5C1B1DC3410000C84C66 /* 标签栏 */,
			);
			path = "resources(资源)";
			sourceTree = "<group>";
		};
		BCEF5C191DC3410000C84C66 /* 其他 */ = {
			isa = PBXGroup;
			children = (
				BCEF5C7A1DC36B2600C84C66 /* left.png */,
				BCEF5C741DC367F400C84C66 /* icon_detail_gray@2x.png */,
				BCEF5C751DC367F400C84C66 /* icon_detail_gray@3x.png */,
				BCEF5C701DC3676C00C84C66 /* icon_nav_back@2x.png */,
				BCEF5C711DC3676C00C84C66 /* icon_nav_back@3x.png */,
				BCEF5C5A1DC3494000C84C66 /* icon_search_gray@2x.png */,
				BCEF5C5B1DC3494000C84C66 /* icon_search_gray@3x.png */,
				BCEF5C5C1DC3494000C84C66 /* icon_search_white@2x.png */,
				BCEF5C5D1DC3494000C84C66 /* icon_search_white@3x.png */,
			);
			path = "其他";
			sourceTree = "<group>";
		};
		BCEF5C1A1DC3410000C84C66 /* 图标和启动图片 */ = {
			isa = PBXGroup;
			children = (
			);
			path = "图标和启动图片";
			sourceTree = "<group>";
		};
		BCEF5C1B1DC3410000C84C66 /* 标签栏 */ = {
			isa = PBXGroup;
			children = (
				BCEF5C6C1DC35A7800C84C66 /* nav.png */,
				BCEF5C331DC3477D00C84C66 /* tab_feature@2x.png */,
				BCEF5C341DC3477D00C84C66 /* tab_feature@3x.png */,
				BCEF5C351DC3477D00C84C66 /* tab_mall@2x.png */,
				BCEF5C361DC3477D00C84C66 /* tab_mall@3x.png */,
				BCEF5C371DC3477D00C84C66 /* tab_member@2x.png */,
				BCEF5C381DC3477D00C84C66 /* tab_member@3x.png */,
				BCEF5C391DC3477D00C84C66 /* tab_shelf@2x.png */,
				BCEF5C3A1DC3477D00C84C66 /* tab_shelf@3x.png */,
				BCEF5C431DC347EC00C84C66 /* Found@2x.png */,
				BCEF5C451DC347F400C84C66 /* Found@3x.png */,
			);
			path = "标签栏";
			sourceTree = "<group>";
		};
		BCEF5C1C1DC3410000C84C66 /* selected(精选) */ = {
			isa = PBXGroup;
			children = (
				BCEF5C1D1DC3410000C84C66 /* main(主要模块) */,
			);
			path = "selected(精选)";
			sourceTree = "<group>";
		};
		BCEF5C1D1DC3410000C84C66 /* main(主要模块) */ = {
			isa = PBXGroup;
			children = (
				BCEF5C1E1DC3410000C84C66 /* controller */,
				BCEF5C1F1DC3410000C84C66 /* model */,
				BCEF5C201DC3410000C84C66 /* view */,
			);
			path = "main(主要模块)";
			sourceTree = "<group>";
		};
		BCEF5C1E1DC3410000C84C66 /* controller */ = {
			isa = PBXGroup;
			children = (
				BCEF5C811DC38AF200C84C66 /* SelectedController.swift */,
			);
			path = controller;
			sourceTree = "<group>";
		};
		BCEF5C1F1DC3410000C84C66 /* model */ = {
			isa = PBXGroup;
			children = (
				BC2F67FB1DC446C900512314 /* SelectedMOdel.swift */,
			);
			path = model;
			sourceTree = "<group>";
		};
		BCEF5C201DC3410000C84C66 /* view */ = {
			isa = PBXGroup;
			children = (
				BC2F68011DC46FDE00512314 /* SelectedView.swift */,
				BC2F68031DC4738600512314 /* SelectedCell.swift */,
				BC2F68041DC4738600512314 /* SelectedCell.xib */,
				BC2F68071DC497D200512314 /* SelectedHeaderView.swift */,
			);
			path = view;
			sourceTree = "<group>";
		};
		BCEF5C471DC3483C00C84C66 /* 书页背景图片 */ = {
			isa = PBXGroup;
			children = (
				BCEF5C501DC348B400C84C66 /* theme_day1_bg@2x.png */,
				BCEF5C511DC348B400C84C66 /* theme_day2_bg@2x.png */,
				BCEF5C521DC348B400C84C66 /* theme_day3_bg@2x.png */,
				BCEF5C531DC348B400C84C66 /* theme_night_bg@2x.png */,
				BCEF5C541DC348B400C84C66 /* theme_other_bg@2x.png */,
			);
			path = "书页背景图片";
			sourceTree = "<group>";
		};
		BCEF5C7E1DC37BF000C84C66 /* protocol(协议) */ = {
			isa = PBXGroup;
			children = (
				BC31D2D51DC8C8FA0031B1A6 /* UpDownRefresh.swift */,
			);
			path = "protocol(协议)";
			sourceTree = "<group>";
		};
		D1BD39D6466067CB7B6F1D30 /* Pods */ = {
			isa = PBXGroup;
			children = (
				195B4FF17E8A5D9122F1D82D /* Pods-Books.debug.xcconfig */,
				C1B7144723D7CB9F2D6B14F1 /* Pods-Books.release.xcconfig */,
			);
			name = Pods;
			sourceTree = "<group>";
		};
		E09AF77FD42A21631CBC1D33 /* Frameworks */ = {
			isa = PBXGroup;
			children = (
				77C2D3730136FED50F1750BA /* Pods_Books.framework */,
			);
			name = Frameworks;
			sourceTree = "<group>";
		};
/* End PBXGroup section */

/* Begin PBXNativeTarget section */
		BCEF5BE81DC33D8E00C84C66 /* Books */ = {
			isa = PBXNativeTarget;
			buildConfigurationList = BCEF5BFE1DC33D8E00C84C66 /* Build configuration list for PBXNativeTarget "Books" */;
			buildPhases = (
				943D8E0625CD835033CB981D /* [CP] Check Pods Manifest.lock */,
				BCEF5BE51DC33D8E00C84C66 /* Sources */,
				BCEF5BE61DC33D8E00C84C66 /* Frameworks */,
				BCEF5BE71DC33D8E00C84C66 /* Resources */,
				E3A79BC6882CBE5FEC947220 /* [CP] Embed Pods Frameworks */,
				7587E728AF3B8005DF51D077 /* [CP] Copy Pods Resources */,
			);
			buildRules = (
			);
			dependencies = (
			);
			name = Books;
			productName = Books;
			productReference = BCEF5BE91DC33D8E00C84C66 /* Books.app */;
			productType = "com.apple.product-type.application";
		};
/* End PBXNativeTarget section */

/* Begin PBXProject section */
		BCEF5BE11DC33D8E00C84C66 /* Project object */ = {
			isa = PBXProject;
			attributes = {
				LastSwiftUpdateCheck = 0730;
				LastUpgradeCheck = 0730;
				ORGANIZATIONNAME = ZL;
				TargetAttributes = {
					BCEF5BE81DC33D8E00C84C66 = {
						CreatedOnToolsVersion = 7.3.1;
					};
				};
			};
			buildConfigurationList = BCEF5BE41DC33D8E00C84C66 /* Build configuration list for PBXProject "Books" */;
			compatibilityVersion = "Xcode 3.2";
			developmentRegion = English;
			hasScannedForEncodings = 0;
			knownRegions = (
				en,
				Base,
			);
			mainGroup = BCEF5BE01DC33D8E00C84C66;
			productRefGroup = BCEF5BEA1DC33D8E00C84C66 /* Products */;
			projectDirPath = "";
			projectRoot = "";
			targets = (
				BCEF5BE81DC33D8E00C84C66 /* Books */,
			);
		};
/* End PBXProject section */

/* Begin PBXResourcesBuildPhase section */
		BCEF5BE71DC33D8E00C84C66 /* Resources */ = {
			isa = PBXResourcesBuildPhase;
			buildActionMask = 2147483647;
			files = (
				BCEF5BFA1DC33D8E00C84C66 /* LaunchScreen.storyboard in Resources */,
				BCEF5C441DC347EC00C84C66 /* Found@2x.png in Resources */,
				BCEF5C731DC3676C00C84C66 /* icon_nav_back@3x.png in Resources */,
				BC3956211DCCA768002FEE0E /* class.json in Resources */,
				BCEF5C591DC348B400C84C66 /* theme_other_bg@2x.png in Resources */,
				BCEF5C581DC348B400C84C66 /* theme_night_bg@2x.png in Resources */,
				BCEF5C3C1DC3477D00C84C66 /* tab_feature@3x.png in Resources */,
				BCEF5C421DC3477D00C84C66 /* tab_shelf@3x.png in Resources */,
				BCEF5C3B1DC3477D00C84C66 /* tab_feature@2x.png in Resources */,
				BCEF5C5E1DC3494000C84C66 /* icon_search_gray@2x.png in Resources */,
				BCEF5C601DC3494000C84C66 /* icon_search_white@2x.png in Resources */,
				BCEF5C571DC348B400C84C66 /* theme_day3_bg@2x.png in Resources */,
				BCEF5C411DC3477D00C84C66 /* tab_shelf@2x.png in Resources */,
				BCEF5C551DC348B400C84C66 /* theme_day1_bg@2x.png in Resources */,
				BCEF5C7B1DC36B2600C84C66 /* left.png in Resources */,
				BCEF5BF71DC33D8E00C84C66 /* Assets.xcassets in Resources */,
				BCEF5C3F1DC3477D00C84C66 /* tab_member@2x.png in Resources */,
				BC2F68061DC4738600512314 /* SelectedCell.xib in Resources */,
				BCEF5C761DC367F400C84C66 /* icon_detail_gray@2x.png in Resources */,
				BCEF5C721DC3676C00C84C66 /* icon_nav_back@2x.png in Resources */,
				BCEF5C461DC347F400C84C66 /* Found@3x.png in Resources */,
				BCEF5C3D1DC3477D00C84C66 /* tab_mall@2x.png in Resources */,
				BCEF5C611DC3494000C84C66 /* icon_search_white@3x.png in Resources */,
				BCED49881DCB565200A6E02A /* UserSetCell.xib in Resources */,
				BCEF5C6D1DC35A7800C84C66 /* nav.png in Resources */,
				BCEF5BF21DC33D8E00C84C66 /* Main.storyboard in Resources */,
				BCEF5C401DC3477D00C84C66 /* tab_member@3x.png in Resources */,
				BCEF5C771DC367F400C84C66 /* icon_detail_gray@3x.png in Resources */,
				BCEF5C5F1DC3494000C84C66 /* icon_search_gray@3x.png in Resources */,
				BCEF5C3E1DC3477D00C84C66 /* tab_mall@3x.png in Resources */,
				BCEF5C561DC348B400C84C66 /* theme_day2_bg@2x.png in Resources */,
				BC31D2D41DC8B5B60031B1A6 /* MoreBookCell.xib in Resources */,
			);
			runOnlyForDeploymentPostprocessing = 0;
		};
/* End PBXResourcesBuildPhase section */

/* Begin PBXShellScriptBuildPhase section */
		7587E728AF3B8005DF51D077 /* [CP] Copy Pods Resources */ = {
			isa = PBXShellScriptBuildPhase;
			buildActionMask = 2147483647;
			files = (
			);
			inputPaths = (
			);
			name = "[CP] Copy Pods Resources";
			outputPaths = (
			);
			runOnlyForDeploymentPostprocessing = 0;
			shellPath = /bin/sh;
			shellScript = "\"${SRCROOT}/Pods/Target Support Files/Pods-Books/Pods-Books-resources.sh\"\n";
			showEnvVarsInLog = 0;
		};
		943D8E0625CD835033CB981D /* [CP] Check Pods Manifest.lock */ = {
			isa = PBXShellScriptBuildPhase;
			buildActionMask = 2147483647;
			files = (
			);
			inputPaths = (
			);
			name = "[CP] Check Pods Manifest.lock";
			outputPaths = (
			);
			runOnlyForDeploymentPostprocessing = 0;
			shellPath = /bin/sh;
			shellScript = "diff \"${PODS_ROOT}/../Podfile.lock\" \"${PODS_ROOT}/Manifest.lock\" > /dev/null\nif [[ $? != 0 ]] ; then\n    cat << EOM\nerror: The sandbox is not in sync with the Podfile.lock. Run 'pod install' or update your CocoaPods installation.\nEOM\n    exit 1\nfi\n";
			showEnvVarsInLog = 0;
		};
		E3A79BC6882CBE5FEC947220 /* [CP] Embed Pods Frameworks */ = {
			isa = PBXShellScriptBuildPhase;
			buildActionMask = 2147483647;
			files = (
			);
			inputPaths = (
			);
			name = "[CP] Embed Pods Frameworks";
			outputPaths = (
			);
			runOnlyForDeploymentPostprocessing = 0;
			shellPath = /bin/sh;
			shellScript = "\"${SRCROOT}/Pods/Target Support Files/Pods-Books/Pods-Books-frameworks.sh\"\n";
			showEnvVarsInLog = 0;
		};
/* End PBXShellScriptBuildPhase section */

/* Begin PBXSourcesBuildPhase section */
		BCEF5BE51DC33D8E00C84C66 /* Sources */ = {
			isa = PBXSourcesBuildPhase;
			buildActionMask = 2147483647;
			files = (
				BCEF5C7D1DC36BDC00C84C66 /* MainTabBarViewController.swift in Sources */,
				BCED49801DCB36BF00A6E02A /* UserViewController.swift in Sources */,
				BCED49871DCB565200A6E02A /* UserSetCell.swift in Sources */,
				BCEF5C821DC38AF200C84C66 /* SelectedController.swift in Sources */,
				BCEF5C2B1DC3440C00C84C66 /* KTCDownloader.swift in Sources */,
				BCEF5C651DC34A5500C84C66 /* ClassifyController.swift in Sources */,
				BC9CCE121DC9E8830043F613 /* MoreBookViewController.swift in Sources */,
				BC9CCE161DC9E9460043F613 /* AllInformationView.swift in Sources */,
				BCEF5BEF1DC33D8E00C84C66 /* ViewController.swift in Sources */,
				BC31D2D61DC8C8FA0031B1A6 /* UpDownRefresh.swift in Sources */,
				BCEF5C671DC34A6900C84C66 /* FoundController.swift in Sources */,
				BC2F68081DC497D200512314 /* SelectedHeaderView.swift in Sources */,
				BCEF5C691DC34A7B00C84C66 /* RankingController.swift in Sources */,
				BC31D2D31DC8B5B60031B1A6 /* MoreBookCell.swift in Sources */,
				BCEF5C6F1DC35EB300C84C66 /* UIViewController+Common.swift in Sources */,
				BCED49821DCB376F00A6E02A /* UserSetView.swift in Sources */,
				BC2F68021DC46FDE00512314 /* SelectedView.swift in Sources */,
				BC2F67FC1DC446C900512314 /* SelectedMOdel.swift in Sources */,
				BCEF5C2A1DC3440C00C84C66 /* BaseViewController.swift in Sources */,
				BC3956251DCCB985002FEE0E /* ClassView.swift in Sources */,
				BCEF5C2E1DC3440C00C84C66 /* UIView+Common.swift in Sources */,
				BC31D2D01DC8B44D0031B1A6 /* MoreBookView.swift in Sources */,
				BC9CCE191DC9EC610043F613 /* AllInformationCell.swift in Sources */,
				BCEF5BF51DC33D8E00C84C66 /* Books.xcdatamodeld in Sources */,
				BCEF5C2C1DC3440C00C84C66 /* UIButton+Common.swift in Sources */,
				BCEF5C2D1DC3440C00C84C66 /* UILabel+common.swift in Sources */,
				BCEF5BED1DC33D8E00C84C66 /* AppDelegate.swift in Sources */,
				BC2F68051DC4738600512314 /* SelectedCell.swift in Sources */,
				BC9CCE141DC9E8B60043F613 /* AllInformationViewCtrl.swift in Sources */,
				BC3956231DCCACD2002FEE0E /* classModel.swift in Sources */,
				BCEF5C6B1DC34AD200C84C66 /* Const.swift in Sources */,
				BC2F7D631DCD790900D9A888 /* ClassViewCell.swift in Sources */,
			);
			runOnlyForDeploymentPostprocessing = 0;
		};
/* End PBXSourcesBuildPhase section */

/* Begin PBXVariantGroup section */
		BCEF5BF01DC33D8E00C84C66 /* Main.storyboard */ = {
			isa = PBXVariantGroup;
			children = (
				BCEF5BF11DC33D8E00C84C66 /* Base */,
			);
			name = Main.storyboard;
			sourceTree = "<group>";
		};
		BCEF5BF81DC33D8E00C84C66 /* LaunchScreen.storyboard */ = {
			isa = PBXVariantGroup;
			children = (
				BCEF5BF91DC33D8E00C84C66 /* Base */,
			);
			name = LaunchScreen.storyboard;
			sourceTree = "<group>";
		};
/* End PBXVariantGroup section */

/* Begin XCBuildConfiguration section */
		BCEF5BFC1DC33D8E00C84C66 /* Debug */ = {
			isa = XCBuildConfiguration;
			buildSettings = {
				ALWAYS_SEARCH_USER_PATHS = NO;
				CLANG_ANALYZER_NONNULL = YES;
				CLANG_CXX_LANGUAGE_STANDARD = "gnu++0x";
				CLANG_CXX_LIBRARY = "libc++";
				CLANG_ENABLE_MODULES = YES;
				CLANG_ENABLE_OBJC_ARC = YES;
				CLANG_WARN_BOOL_CONVERSION = YES;
				CLANG_WARN_CONSTANT_CONVERSION = YES;
				CLANG_WARN_DIRECT_OBJC_ISA_USAGE = YES_ERROR;
				CLANG_WARN_EMPTY_BODY = YES;
				CLANG_WARN_ENUM_CONVERSION = YES;
				CLANG_WARN_INT_CONVERSION = YES;
				CLANG_WARN_OBJC_ROOT_CLASS = YES_ERROR;
				CLANG_WARN_UNREACHABLE_CODE = YES;
				CLANG_WARN__DUPLICATE_METHOD_MATCH = YES;
				"CODE_SIGN_IDENTITY[sdk=iphoneos*]" = "iPhone Developer";
				COPY_PHASE_STRIP = NO;
				DEBUG_INFORMATION_FORMAT = dwarf;
				ENABLE_STRICT_OBJC_MSGSEND = YES;
				ENABLE_TESTABILITY = YES;
				GCC_C_LANGUAGE_STANDARD = gnu99;
				GCC_DYNAMIC_NO_PIC = NO;
				GCC_NO_COMMON_BLOCKS = YES;
				GCC_OPTIMIZATION_LEVEL = 0;
				GCC_PREPROCESSOR_DEFINITIONS = (
					"DEBUG=1",
					"$(inherited)",
				);
				GCC_WARN_64_TO_32_BIT_CONVERSION = YES;
				GCC_WARN_ABOUT_RETURN_TYPE = YES_ERROR;
				GCC_WARN_UNDECLARED_SELECTOR = YES;
				GCC_WARN_UNINITIALIZED_AUTOS = YES_AGGRESSIVE;
				GCC_WARN_UNUSED_FUNCTION = YES;
				GCC_WARN_UNUSED_VARIABLE = YES;
				IPHONEOS_DEPLOYMENT_TARGET = 9.3;
				MTL_ENABLE_DEBUG_INFO = YES;
				ONLY_ACTIVE_ARCH = YES;
				SDKROOT = iphoneos;
				SWIFT_OPTIMIZATION_LEVEL = "-Onone";
			};
			name = Debug;
		};
		BCEF5BFD1DC33D8E00C84C66 /* Release */ = {
			isa = XCBuildConfiguration;
			buildSettings = {
				ALWAYS_SEARCH_USER_PATHS = NO;
				CLANG_ANALYZER_NONNULL = YES;
				CLANG_CXX_LANGUAGE_STANDARD = "gnu++0x";
				CLANG_CXX_LIBRARY = "libc++";
				CLANG_ENABLE_MODULES = YES;
				CLANG_ENABLE_OBJC_ARC = YES;
				CLANG_WARN_BOOL_CONVERSION = YES;
				CLANG_WARN_CONSTANT_CONVERSION = YES;
				CLANG_WARN_DIRECT_OBJC_ISA_USAGE = YES_ERROR;
				CLANG_WARN_EMPTY_BODY = YES;
				CLANG_WARN_ENUM_CONVERSION = YES;
				CLANG_WARN_INT_CONVERSION = YES;
				CLANG_WARN_OBJC_ROOT_CLASS = YES_ERROR;
				CLANG_WARN_UNREACHABLE_CODE = YES;
				CLANG_WARN__DUPLICATE_METHOD_MATCH = YES;
				"CODE_SIGN_IDENTITY[sdk=iphoneos*]" = "iPhone Developer";
				COPY_PHASE_STRIP = NO;
				DEBUG_INFORMATION_FORMAT = "dwarf-with-dsym";
				ENABLE_NS_ASSERTIONS = NO;
				ENABLE_STRICT_OBJC_MSGSEND = YES;
				GCC_C_LANGUAGE_STANDARD = gnu99;
				GCC_NO_COMMON_BLOCKS = YES;
				GCC_WARN_64_TO_32_BIT_CONVERSION = YES;
				GCC_WARN_ABOUT_RETURN_TYPE = YES_ERROR;
				GCC_WARN_UNDECLARED_SELECTOR = YES;
				GCC_WARN_UNINITIALIZED_AUTOS = YES_AGGRESSIVE;
				GCC_WARN_UNUSED_FUNCTION = YES;
				GCC_WARN_UNUSED_VARIABLE = YES;
				IPHONEOS_DEPLOYMENT_TARGET = 9.3;
				MTL_ENABLE_DEBUG_INFO = NO;
				SDKROOT = iphoneos;
				VALIDATE_PRODUCT = YES;
			};
			name = Release;
		};
		BCEF5BFF1DC33D8E00C84C66 /* Debug */ = {
			isa = XCBuildConfiguration;
			baseConfigurationReference = 195B4FF17E8A5D9122F1D82D /* Pods-Books.debug.xcconfig */;
			buildSettings = {
				ASSETCATALOG_COMPILER_APPICON_NAME = AppIcon;
				INFOPLIST_FILE = Books/Info.plist;
				LD_RUNPATH_SEARCH_PATHS = "$(inherited) @executable_path/Frameworks";
				PRODUCT_BUNDLE_IDENTIFIER = ZL.Books;
				PRODUCT_NAME = "$(TARGET_NAME)";
			};
			name = Debug;
		};
		BCEF5C001DC33D8E00C84C66 /* Release */ = {
			isa = XCBuildConfiguration;
			baseConfigurationReference = C1B7144723D7CB9F2D6B14F1 /* Pods-Books.release.xcconfig */;
			buildSettings = {
				ASSETCATALOG_COMPILER_APPICON_NAME = AppIcon;
				INFOPLIST_FILE = Books/Info.plist;
				LD_RUNPATH_SEARCH_PATHS = "$(inherited) @executable_path/Frameworks";
				PRODUCT_BUNDLE_IDENTIFIER = ZL.Books;
				PRODUCT_NAME = "$(TARGET_NAME)";
			};
			name = Release;
		};
/* End XCBuildConfiguration section */

/* Begin XCConfigurationList section */
		BCEF5BE41DC33D8E00C84C66 /* Build configuration list for PBXProject "Books" */ = {
			isa = XCConfigurationList;
			buildConfigurations = (
				BCEF5BFC1DC33D8E00C84C66 /* Debug */,
				BCEF5BFD1DC33D8E00C84C66 /* Release */,
			);
			defaultConfigurationIsVisible = 0;
			defaultConfigurationName = Release;
		};
		BCEF5BFE1DC33D8E00C84C66 /* Build configuration list for PBXNativeTarget "Books" */ = {
			isa = XCConfigurationList;
			buildConfigurations = (
				BCEF5BFF1DC33D8E00C84C66 /* Debug */,
				BCEF5C001DC33D8E00C84C66 /* Release */,
			);
			defaultConfigurationIsVisible = 0;
			defaultConfigurationName = Release;
		};
/* End XCConfigurationList section */

/* Begin XCVersionGroup section */
		BCEF5BF31DC33D8E00C84C66 /* Books.xcdatamodeld */ = {
			isa = XCVersionGroup;
			children = (
				BCEF5BF41DC33D8E00C84C66 /* Books.xcdatamodel */,
			);
			currentVersion = BCEF5BF41DC33D8E00C84C66 /* Books.xcdatamodel */;
			path = Books.xcdatamodeld;
			sourceTree = "<group>";
			versionGroupType = wrapper.xcdatamodel;
		};
/* End XCVersionGroup section */
	};
	rootObject = BCEF5BE11DC33D8E00C84C66 /* Project object */;
}
